// !$*UTF8*$!
{
	archiveVersion = 1;
	classes = {
	};
	objectVersion = 77;
	objects = {

/* Begin PBXBuildFile section */
		56355D292F3083F00022A09F /* iBoardKeyboard.appex in Embed Foundation Extensions */ = {isa = PBXBuildFile; fileRef = 56355D222F3083F00022A09F /* iBoardKeyboard.appex */; settings = {ATTRIBUTES = (RemoveHeadersOnCopy, ); }; };
		56355D5B2F30844A0022A09F /* ContactsManager.swift in Sources */ = {isa = PBXBuildFile; fileRef = 56355D512F30844A0022A09F /* ContactsManager.swift */; };
		56355D5C2F30844A0022A09F /* DeleteManager.swift in Sources */ = {isa = PBXBuildFile; fileRef = 56355D522F30844A0022A09F /* DeleteManager.swift */; };
		56355D5E2F30844A0022A09F /* KeyButton.swift in Sources */ = {isa = PBXBuildFile; fileRef = 56355D552F30844A0022A09F /* KeyButton.swift */; };
		56355D5F2F30844A0022A09F /* KeyModel.swift in Sources */ = {isa = PBXBuildFile; fileRef = 56355D562F30844A0022A09F /* KeyModel.swift */; };
		56355D602F30844A0022A09F /* PopupMenu.swift in Sources */ = {isa = PBXBuildFile; fileRef = 56355D572F30844A0022A09F /* PopupMenu.swift */; };
		56355D612F30844A0022A09F /* PredictionBar.swift in Sources */ = {isa = PBXBuildFile; fileRef = 56355D582F30844A0022A09F /* PredictionBar.swift */; };
		56355D622F30844A0022A09F /* PredictionEngine.swift in Sources */ = {isa = PBXBuildFile; fileRef = 56355D592F30844A0022A09F /* PredictionEngine.swift */; };
/* End PBXBuildFile section */

/* Begin PBXContainerItemProxy section */
		56355D272F3083F00022A09F /* PBXContainerItemProxy */ = {
			isa = PBXContainerItemProxy;
			containerPortal = 56355CCD2F3082450022A09F /* Project object */;
			proxyType = 1;
			remoteGlobalIDString = 56355D212F3083F00022A09F;
			remoteInfo = iBoardKeyboard;
		};
/* End PBXContainerItemProxy section */

/* Begin PBXCopyFilesBuildPhase section */
		56355D2E2F3083F00022A09F /* Embed Foundation Extensions */ = {
			isa = PBXCopyFilesBuildPhase;
			buildActionMask = 2147483647;
			dstPath = "";
			dstSubfolderSpec = 13;
			files = (
				56355D292F3083F00022A09F /* iBoardKeyboard.appex in Embed Foundation Extensions */,
			);
			name = "Embed Foundation Extensions";
			runOnlyForDeploymentPostprocessing = 0;
		};
/* End PBXCopyFilesBuildPhase section */

/* Begin PBXFileReference section */
		56355CD52F3082450022A09F /* iBoard.app */ = {isa = PBXFileReference; explicitFileType = wrapper.application; includeInIndex = 0; path = iBoard.app; sourceTree = BUILT_PRODUCTS_DIR; };
		56355CF22F3082BD0022A09F /* FEATURES.md */ = {isa = PBXFileReference; lastKnownFileType = net.daringfireball.markdown; path = FEATURES.md; sourceTree = "<group>"; };
		56355CFC2F3082BD0022A09F /* PROJECT_SUMMARY.md */ = {isa = PBXFileReference; lastKnownFileType = net.daringfireball.markdown; path = PROJECT_SUMMARY.md; sourceTree = "<group>"; };
		56355CFD2F3082BD0022A09F /* QUICK_REFERENCE.md */ = {isa = PBXFileReference; lastKnownFileType = net.daringfireball.markdown; path = QUICK_REFERENCE.md; sourceTree = "<group>"; };
		56355CFE2F3082BD0022A09F /* README.md */ = {isa = PBXFileReference; lastKnownFileType = net.daringfireball.markdown; path = README.md; sourceTree = "<group>"; };
		56355D012F3082BD0022A09F /* SETUP.md */ = {isa = PBXFileReference; lastKnownFileType = net.daringfireball.markdown; path = SETUP.md; sourceTree = "<group>"; };
		56355D222F3083F00022A09F /* iBoardKeyboard.appex */ = {isa = PBXFileReference; explicitFileType = "wrapper.app-extension"; includeInIndex = 0; path = iBoardKeyboard.appex; sourceTree = BUILT_PRODUCTS_DIR; };
		56355D512F30844A0022A09F /* ContactsManager.swift */ = {isa = PBXFileReference; lastKnownFileType = sourcecode.swift; path = ContactsManager.swift; sourceTree = "<group>"; };
		56355D522F30844A0022A09F /* DeleteManager.swift */ = {isa = PBXFileReference; lastKnownFileType = sourcecode.swift; path = DeleteManager.swift; sourceTree = "<group>"; };
		56355D532F30844A0022A09F /* Info.plist */ = {isa = PBXFileReference; lastKnownFileType = text.plist.xml; path = Info.plist; sourceTree = "<group>"; };
		56355D552F30844A0022A09F /* KeyButton.swift */ = {isa = PBXFileReference; lastKnownFileType = sourcecode.swift; path = KeyButton.swift; sourceTree = "<group>"; };
		56355D562F30844A0022A09F /* KeyModel.swift */ = {isa = PBXFileReference; lastKnownFileType = sourcecode.swift; path = KeyModel.swift; sourceTree = "<group>"; };
		56355D572F30844A0022A09F /* PopupMenu.swift */ = {isa = PBXFileReference; lastKnownFileType = sourcecode.swift; path = PopupMenu.swift; sourceTree = "<group>"; };
		56355D582F30844A0022A09F /* PredictionBar.swift */ = {isa = PBXFileReference; lastKnownFileType = sourcecode.swift; path = PredictionBar.swift; sourceTree = "<group>"; };
		56355D592F30844A0022A09F /* PredictionEngine.swift */ = {isa = PBXFileReference; lastKnownFileType = sourcecode.swift; path = PredictionEngine.swift; sourceTree = "<group>"; };
/* End PBXFileReference section */

/* Begin PBXFileSystemSynchronizedBuildFileExceptionSet section */
		56355D2A2F3083F00022A09F /* Exceptions for "iBoardKeyboard" folder in "iBoardKeyboard" target */ = {
			isa = PBXFileSystemSynchronizedBuildFileExceptionSet;
			membershipExceptions = (
				Info.plist,
			);
			target = 56355D212F3083F00022A09F /* iBoardKeyboard */;
		};
		56355D772F3085860022A09F /* Exceptions for "iBoard" folder in "iBoard" target */ = {
			isa = PBXFileSystemSynchronizedBuildFileExceptionSet;
			membershipExceptions = (
				Info.plist,
			);
			target = 56355CD42F3082450022A09F /* iBoard */;
		};
/* End PBXFileSystemSynchronizedBuildFileExceptionSet section */

/* Begin PBXFileSystemSynchronizedRootGroup section */
		56355D232F3083F00022A09F /* iBoardKeyboard */ = {
			isa = PBXFileSystemSynchronizedRootGroup;
			exceptions = (
				56355D2A2F3083F00022A09F /* Exceptions for "iBoardKeyboard" folder in "iBoardKeyboard" target */,
			);
			path = iBoardKeyboard;
			sourceTree = "<group>";
		};
		56355D6A2F3084540022A09F /* iBoard */ = {
			isa = PBXFileSystemSynchronizedRootGroup;
			exceptions = (
				56355D772F3085860022A09F /* Exceptions for "iBoard" folder in "iBoard" target */,
			);
			path = iBoard;
			sourceTree = "<group>";
		};
		56355D722F3084620022A09F /* shared */ = {
			isa = PBXFileSystemSynchronizedRootGroup;
			path = shared;
			sourceTree = "<group>";
		};
/* End PBXFileSystemSynchronizedRootGroup section */

/* Begin PBXFrameworksBuildPhase section */
		56355CD22F3082450022A09F /* Frameworks */ = {
			isa = PBXFrameworksBuildPhase;
			buildActionMask = 2147483647;
			files = (
			);
			runOnlyForDeploymentPostprocessing = 0;
		};
		56355D1F2F3083F00022A09F /* Frameworks */ = {
			isa = PBXFrameworksBuildPhase;
			buildActionMask = 2147483647;
			files = (
			);
			runOnlyForDeploymentPostprocessing = 0;
		};
/* End PBXFrameworksBuildPhase section */

/* Begin PBXGroup section */
		56355CCC2F3082450022A09F = {
			isa = PBXGroup;
			children = (
				56355D232F3083F00022A09F /* iBoardKeyboard */,
				56355CD62F3082450022A09F /* Products */,
				56355D6A2F3084540022A09F /* iBoard */,
				56355D5A2F30844A0022A09F /* iBoardKeyboard */,
				56355CF22F3082BD0022A09F /* FEATURES.md */,
				56355CFC2F3082BD0022A09F /* PROJECT_SUMMARY.md */,
				56355CFD2F3082BD0022A09F /* QUICK_REFERENCE.md */,
				56355CFE2F3082BD0022A09F /* README.md */,
				56355D012F3082BD0022A09F /* SETUP.md */,
				56355D722F3084620022A09F /* shared */,
			);
			sourceTree = "<group>";
		};
		56355CD62F3082450022A09F /* Products */ = {
			isa = PBXGroup;
			children = (
				56355CD52F3082450022A09F /* iBoard.app */,
				56355D222F3083F00022A09F /* iBoardKeyboard.appex */,
			);
			name = Products;
			sourceTree = "<group>";
		};
		56355D5A2F30844A0022A09F /* iBoardKeyboard */ = {
			isa = PBXGroup;
			children = (
				56355D512F30844A0022A09F /* ContactsManager.swift */,
				56355D522F30844A0022A09F /* DeleteManager.swift */,
				56355D532F30844A0022A09F /* Info.plist */,
				56355D552F30844A0022A09F /* KeyButton.swift */,
				56355D562F30844A0022A09F /* KeyModel.swift */,
				56355D572F30844A0022A09F /* PopupMenu.swift */,
				56355D582F30844A0022A09F /* PredictionBar.swift */,
				56355D592F30844A0022A09F /* PredictionEngine.swift */,
			);
			path = iBoardKeyboard;
			sourceTree = "<group>";
		};
/* End PBXGroup section */

/* Begin PBXNativeTarget section */
		56355CD42F3082450022A09F /* iBoard */ = {
			isa = PBXNativeTarget;
			buildConfigurationList = 56355CE82F3082460022A09F /* Build configuration list for PBXNativeTarget "iBoard" */;
			buildPhases = (
				56355CD12F3082450022A09F /* Sources */,
				56355CD22F3082450022A09F /* Frameworks */,
				56355CD32F3082450022A09F /* Resources */,
				56355D2E2F3083F00022A09F /* Embed Foundation Extensions */,
			);
			buildRules = (
			);
			dependencies = (
				56355D282F3083F00022A09F /* PBXTargetDependency */,
			);
			fileSystemSynchronizedGroups = (
				56355D6A2F3084540022A09F /* iBoard */,
				56355D722F3084620022A09F /* shared */,
			);
			name = iBoard;
			packageProductDependencies = (
			);
			productName = iBoard;
			productReference = 56355CD52F3082450022A09F /* iBoard.app */;
			productType = "com.apple.product-type.application";
		};
		56355D212F3083F00022A09F /* iBoardKeyboard */ = {
			isa = PBXNativeTarget;
			buildConfigurationList = 56355D2B2F3083F00022A09F /* Build configuration list for PBXNativeTarget "iBoardKeyboard" */;
			buildPhases = (
				56355D1E2F3083F00022A09F /* Sources */,
				56355D1F2F3083F00022A09F /* Frameworks */,
				56355D202F3083F00022A09F /* Resources */,
			);
			buildRules = (
			);
			dependencies = (
			);
			fileSystemSynchronizedGroups = (
				56355D232F3083F00022A09F /* iBoardKeyboard */,
				56355D722F3084620022A09F /* shared */,
			);
			name = iBoardKeyboard;
			packageProductDependencies = (
			);
			productName = iBoardKeyboard;
			productReference = 56355D222F3083F00022A09F /* iBoardKeyboard.appex */;
			productType = "com.apple.product-type.app-extension";
		};
/* End PBXNativeTarget section */

/* Begin PBXProject section */
		56355CCD2F3082450022A09F /* Project object */ = {
			isa = PBXProject;
			attributes = {
				BuildIndependentTargetsInParallel = 1;
				LastSwiftUpdateCheck = 2620;
				LastUpgradeCheck = 2620;
				TargetAttributes = {
					56355CD42F3082450022A09F = {
						CreatedOnToolsVersion = 26.2;
						LastSwiftMigration = 2620;
					};
					56355D212F3083F00022A09F = {
						CreatedOnToolsVersion = 26.2;
					};
				};
			};
			buildConfigurationList = 56355CD02F3082450022A09F /* Build configuration list for PBXProject "iBoard" */;
			developmentRegion = en;
			hasScannedForEncodings = 0;
			knownRegions = (
				en,
				Base,
			);
			mainGroup = 56355CCC2F3082450022A09F;
			minimizedProjectReferenceProxies = 1;
			preferredProjectObjectVersion = 77;
			productRefGroup = 56355CD62F3082450022A09F /* Products */;
			projectDirPath = "";
			projectRoot = "";
			targets = (
				56355CD42F3082450022A09F /* iBoard */,
				56355D212F3083F00022A09F /* iBoardKeyboard */,
			);
		};
/* End PBXProject section */

/* Begin PBXResourcesBuildPhase section */
		56355CD32F3082450022A09F /* Resources */ = {
			isa = PBXResourcesBuildPhase;
			buildActionMask = 2147483647;
			files = (
			);
			runOnlyForDeploymentPostprocessing = 0;
		};
		56355D202F3083F00022A09F /* Resources */ = {
			isa = PBXResourcesBuildPhase;
			buildActionMask = 2147483647;
			files = (
			);
			runOnlyForDeploymentPostprocessing = 0;
		};
/* End PBXResourcesBuildPhase section */

/* Begin PBXSourcesBuildPhase section */
		56355CD12F3082450022A09F /* Sources */ = {
			isa = PBXSourcesBuildPhase;
			buildActionMask = 2147483647;
			files = (
				56355D5B2F30844A0022A09F /* ContactsManager.swift in Sources */,
				56355D5C2F30844A0022A09F /* DeleteManager.swift in Sources */,
				56355D5E2F30844A0022A09F /* KeyButton.swift in Sources */,
				56355D5F2F30844A0022A09F /* KeyModel.swift in Sources */,
				56355D602F30844A0022A09F /* PopupMenu.swift in Sources */,
				56355D612F30844A0022A09F /* PredictionBar.swift in Sources */,
				56355D622F30844A0022A09F /* PredictionEngine.swift in Sources */,
			);
			runOnlyForDeploymentPostprocessing = 0;
		};
		56355D1E2F3083F00022A09F /* Sources */ = {
			isa = PBXSourcesBuildPhase;
			buildActionMask = 2147483647;
			files = (
			);
			runOnlyForDeploymentPostprocessing = 0;
		};
/* End PBXSourcesBuildPhase section */

/* Begin PBXTargetDependency section */
		56355D282F3083F00022A09F /* PBXTargetDependency */ = {
			isa = PBXTargetDependency;
			target = 56355D212F3083F00022A09F /* iBoardKeyboard */;
			targetProxy = 56355D272F3083F00022A09F /* PBXContainerItemProxy */;
		};
/* End PBXTargetDependency section */

/* Begin XCBuildConfiguration section */
		56355CE92F3082460022A09F /* Debug */ = {
			isa = XCBuildConfiguration;
			buildSettings = {
				ASSETCATALOG_COMPILER_APPICON_NAME = AppIcon;
				ASSETCATALOG_COMPILER_GLOBAL_ACCENT_COLOR_NAME = AccentColor;
				CLANG_ENABLE_MODULES = YES;
				CODE_SIGN_ENTITLEMENTS = iBoard/iBoard.entitlements;
				CODE_SIGN_STYLE = Automatic;
				CURRENT_PROJECT_VERSION = 1;
				DEVELOPMENT_TEAM = Y2E4W742Q6;
				GENERATE_INFOPLIST_FILE = YES;
				INFOPLIST_FILE = iBoard/Info.plist;
				INFOPLIST_KEY_UIApplicationSupportsIndirectInputEvents = YES;
				INFOPLIST_KEY_UILaunchStoryboardName = LaunchScreen;
				INFOPLIST_KEY_UIMainStoryboardFile = Main;
				INFOPLIST_KEY_UISupportedInterfaceOrientations_iPad = "UIInterfaceOrientationPortrait UIInterfaceOrientationPortraitUpsideDown UIInterfaceOrientationLandscapeLeft UIInterfaceOrientationLandscapeRight";
				INFOPLIST_KEY_UISupportedInterfaceOrientations_iPhone = "UIInterfaceOrientationPortrait UIInterfaceOrientationLandscapeLeft UIInterfaceOrientationLandscapeRight";
				LD_RUNPATH_SEARCH_PATHS = (
					"$(inherited)",
					"@executable_path/Frameworks",
				);
				MARKETING_VERSION = 1.0;
				PRODUCT_BUNDLE_IDENTIFIER = lotusww.com.iBoard;
				PRODUCT_NAME = "$(TARGET_NAME)";
				STRING_CATALOG_GENERATE_SYMBOLS = YES;
				SWIFT_APPROACHABLE_CONCURRENCY = YES;
				SWIFT_DEFAULT_ACTOR_ISOLATION = MainActor;
				SWIFT_EMIT_LOC_STRINGS = YES;
				SWIFT_OPTIMIZATION_LEVEL = "-Onone";
				SWIFT_UPCOMING_FEATURE_MEMBER_IMPORT_VISIBILITY = YES;
				SWIFT_VERSION = 5.0;
				TARGETED_DEVICE_FAMILY = "1,2";
			};
			name = Debug;
		};
		56355CEA2F3082460022A09F /* Release */ = {
			isa = XCBuildConfiguration;
			buildSettings = {
				ASSETCATALOG_COMPILER_APPICON_NAME = AppIcon;
				ASSETCATALOG_COMPILER_GLOBAL_ACCENT_COLOR_NAME = AccentColor;
				CLANG_ENABLE_MODULES = YES;
				CODE_SIGN_ENTITLEMENTS = iBoard/iBoard.entitlements;
				CODE_SIGN_STYLE = Automatic;
				CURRENT_PROJECT_VERSION = 1;
				DEVELOPMENT_TEAM = Y2E4W742Q6;
				GENERATE_INFOPLIST_FILE = YES;
				INFOPLIST_FILE = iBoard/Info.plist;
				INFOPLIST_KEY_UIApplicationSupportsIndirectInputEvents = YES;
				INFOPLIST_KEY_UILaunchStoryboardName = LaunchScreen;
				INFOPLIST_KEY_UIMainStoryboardFile = Main;
				INFOPLIST_KEY_UISupportedInterfaceOrientations_iPad = "UIInterfaceOrientationPortrait UIInterfaceOrientationPortraitUpsideDown UIInterfaceOrientationLandscapeLeft UIInterfaceOrientationLandscapeRight";
				INFOPLIST_KEY_UISupportedInterfaceOrientations_iPhone = "UIInterfaceOrientationPortrait UIInterfaceOrientationLandscapeLeft UIInterfaceOrientationLandscapeRight";
				LD_RUNPATH_SEARCH_PATHS = (
					"$(inherited)",
					"@executable_path/Frameworks",
				);
				MARKETING_VERSION = 1.0;
				PRODUCT_BUNDLE_IDENTIFIER = lotusww.com.iBoard;
				PRODUCT_NAME = "$(TARGET_NAME)";
				STRING_CATALOG_GENERATE_SYMBOLS = YES;
				SWIFT_APPROACHABLE_CONCURRENCY = YES;
				SWIFT_DEFAULT_ACTOR_ISOLATION = MainActor;
				SWIFT_EMIT_LOC_STRINGS = YES;
				SWIFT_UPCOMING_FEATURE_MEMBER_IMPORT_VISIBILITY = YES;
				SWIFT_VERSION = 5.0;
				TARGETED_DEVICE_FAMILY = "1,2";
			};
			name = Release;
		};
		56355CEB2F3082460022A09F /* Debug */ = {
			isa = XCBuildConfiguration;
			buildSettings = {
				ALWAYS_SEARCH_USER_PATHS = NO;
				ASSETCATALOG_COMPILER_GENERATE_SWIFT_ASSET_SYMBOL_EXTENSIONS = YES;
				CLANG_ANALYZER_NONNULL = YES;
				CLANG_ANALYZER_NUMBER_OBJECT_CONVERSION = YES_AGGRESSIVE;
				CLANG_CXX_LANGUAGE_STANDARD = "gnu++20";
				CLANG_ENABLE_MODULES = YES;
				CLANG_ENABLE_OBJC_ARC = YES;
				CLANG_ENABLE_OBJC_WEAK = YES;
				CLANG_WARN_BLOCK_CAPTURE_AUTORELEASING = YES;
				CLANG_WARN_BOOL_CONVERSION = YES;
				CLANG_WARN_COMMA = YES;
				CLANG_WARN_CONSTANT_CONVERSION = YES;
				CLANG_WARN_DEPRECATED_OBJC_IMPLEMENTATIONS = YES;
				CLANG_WARN_DIRECT_OBJC_ISA_USAGE = YES_ERROR;
				CLANG_WARN_DOCUMENTATION_COMMENTS = YES;
				CLANG_WARN_EMPTY_BODY = YES;
				CLANG_WARN_ENUM_CONVERSION = YES;
				CLANG_WARN_INFINITE_RECURSION = YES;
				CLANG_WARN_INT_CONVERSION = YES;
				CLANG_WARN_NON_LITERAL_NULL_CONVERSION = YES;
				CLANG_WARN_OBJC_IMPLICIT_RETAIN_SELF = YES;
				CLANG_WARN_OBJC_LITERAL_CONVERSION = YES;
				CLANG_WARN_OBJC_ROOT_CLASS = YES_ERROR;
				CLANG_WARN_QUOTED_INCLUDE_IN_FRAMEWORK_HEADER = YES;
				CLANG_WARN_RANGE_LOOP_ANALYSIS = YES;
				CLANG_WARN_STRICT_PROTOTYPES = YES;
				CLANG_WARN_SUSPICIOUS_MOVE = YES;
				CLANG_WARN_UNGUARDED_AVAILABILITY = YES_AGGRESSIVE;
				CLANG_WARN_UNREACHABLE_CODE = YES;
				CLANG_WARN__DUPLICATE_METHOD_MATCH = YES;
				COPY_PHASE_STRIP = NO;
				DEBUG_INFORMATION_FORMAT = dwarf;
				DEVELOPMENT_TEAM = Y2E4W742Q6;
				ENABLE_STRICT_OBJC_MSGSEND = YES;
				ENABLE_TESTABILITY = YES;
				ENABLE_USER_SCRIPT_SANDBOXING = YES;
				GCC_C_LANGUAGE_STANDARD = gnu17;
				GCC_DYNAMIC_NO_PIC = NO;
				GCC_NO_COMMON_BLOCKS = YES;
				GCC_OPTIMIZATION_LEVEL = 0;
				GCC_PREPROCESSOR_DEFINITIONS = (
					"DEBUG=1",
					"$(inherited)",
				);
				GCC_WARN_64_TO_32_BIT_CONVERSION = YES;
				GCC_WARN_ABOUT_RETURN_TYPE = YES_ERROR;
				GCC_WARN_UNDECLARED_SELECTOR = YES;
				GCC_WARN_UNINITIALIZED_AUTOS = YES_AGGRESSIVE;
				GCC_WARN_UNUSED_FUNCTION = YES;
				GCC_WARN_UNUSED_VARIABLE = YES;
				IPHONEOS_DEPLOYMENT_TARGET = 26.2;
				LOCALIZATION_PREFERS_STRING_CATALOGS = YES;
				MTL_ENABLE_DEBUG_INFO = INCLUDE_SOURCE;
				MTL_FAST_MATH = YES;
				ONLY_ACTIVE_ARCH = YES;
				SDKROOT = iphoneos;
				SWIFT_ACTIVE_COMPILATION_CONDITIONS = "DEBUG $(inherited)";
				SWIFT_OPTIMIZATION_LEVEL = "-Onone";
			};
			name = Debug;
		};
		56355CEC2F3082460022A09F /* Release */ = {
			isa = XCBuildConfiguration;
			buildSettings = {
				ALWAYS_SEARCH_USER_PATHS = NO;
				ASSETCATALOG_COMPILER_GENERATE_SWIFT_ASSET_SYMBOL_EXTENSIONS = YES;
				CLANG_ANALYZER_NONNULL = YES;
				CLANG_ANALYZER_NUMBER_OBJECT_CONVERSION = YES_AGGRESSIVE;
				CLANG_CXX_LANGUAGE_STANDARD = "gnu++20";
				CLANG_ENABLE_MODULES = YES;
				CLANG_ENABLE_OBJC_ARC = YES;
				CLANG_ENABLE_OBJC_WEAK = YES;
				CLANG_WARN_BLOCK_CAPTURE_AUTORELEASING = YES;
				CLANG_WARN_BOOL_CONVERSION = YES;
				CLANG_WARN_COMMA = YES;
				CLANG_WARN_CONSTANT_CONVERSION = YES;
				CLANG_WARN_DEPRECATED_OBJC_IMPLEMENTATIONS = YES;
				CLANG_WARN_DIRECT_OBJC_ISA_USAGE = YES_ERROR;
				CLANG_WARN_DOCUMENTATION_COMMENTS = YES;
				CLANG_WARN_EMPTY_BODY = YES;
				CLANG_WARN_ENUM_CONVERSION = YES;
				CLANG_WARN_INFINITE_RECURSION = YES;
				CLANG_WARN_INT_CONVERSION = YES;
				CLANG_WARN_NON_LITERAL_NULL_CONVERSION = YES;
				CLANG_WARN_OBJC_IMPLICIT_RETAIN_SELF = YES;
				CLANG_WARN_OBJC_LITERAL_CONVERSION = YES;
				CLANG_WARN_OBJC_ROOT_CLASS = YES_ERROR;
				CLANG_WARN_QUOTED_INCLUDE_IN_FRAMEWORK_HEADER = YES;
				CLANG_WARN_RANGE_LOOP_ANALYSIS = YES;
				CLANG_WARN_STRICT_PROTOTYPES = YES;
				CLANG_WARN_SUSPICIOUS_MOVE = YES;
				CLANG_WARN_UNGUARDED_AVAILABILITY = YES_AGGRESSIVE;
				CLANG_WARN_UNREACHABLE_CODE = YES;
				CLANG_WARN__DUPLICATE_METHOD_MATCH = YES;
				COPY_PHASE_STRIP = NO;
				DEBUG_INFORMATION_FORMAT = "dwarf-with-dsym";
				DEVELOPMENT_TEAM = Y2E4W742Q6;
				ENABLE_NS_ASSERTIONS = NO;
				ENABLE_STRICT_OBJC_MSGSEND = YES;
				ENABLE_USER_SCRIPT_SANDBOXING = YES;
				GCC_C_LANGUAGE_STANDARD = gnu17;
				GCC_NO_COMMON_BLOCKS = YES;
				GCC_WARN_64_TO_32_BIT_CONVERSION = YES;
				GCC_WARN_ABOUT_RETURN_TYPE = YES_ERROR;
				GCC_WARN_UNDECLARED_SELECTOR = YES;
				GCC_WARN_UNINITIALIZED_AUTOS = YES_AGGRESSIVE;
				GCC_WARN_UNUSED_FUNCTION = YES;
				GCC_WARN_UNUSED_VARIABLE = YES;
				IPHONEOS_DEPLOYMENT_TARGET = 26.2;
				LOCALIZATION_PREFERS_STRING_CATALOGS = YES;
				MTL_ENABLE_DEBUG_INFO = NO;
				MTL_FAST_MATH = YES;
				SDKROOT = iphoneos;
				SWIFT_COMPILATION_MODE = wholemodule;
				VALIDATE_PRODUCT = YES;
			};
			name = Release;
		};
		56355D2C2F3083F00022A09F /* Debug */ = {
			isa = XCBuildConfiguration;
			buildSettings = {
				CODE_SIGN_ENTITLEMENTS = iBoardKeyboard/iBoardKeyboard.entitlements;
				CODE_SIGN_STYLE = Automatic;
				CURRENT_PROJECT_VERSION = 1;
				DEVELOPMENT_TEAM = Y2E4W742Q6;
				GENERATE_INFOPLIST_FILE = YES;
				INFOPLIST_FILE = iBoardKeyboard/Info.plist;
				INFOPLIST_KEY_CFBundleDisplayName = iBoardKeyboard;
				INFOPLIST_KEY_NSHumanReadableCopyright = "";
				LD_RUNPATH_SEARCH_PATHS = (
					"$(inherited)",
					"@executable_path/Frameworks",
					"@executable_path/../../Frameworks",
				);
				MARKETING_VERSION = 1.0;
				PRODUCT_BUNDLE_IDENTIFIER = lotusww.com.iBoard.iBoardKeyboard;
				PRODUCT_NAME = "$(TARGET_NAME)";
				SKIP_INSTALL = YES;
				STRING_CATALOG_GENERATE_SYMBOLS = YES;
				SWIFT_APPROACHABLE_CONCURRENCY = YES;
				SWIFT_EMIT_LOC_STRINGS = YES;
				SWIFT_UPCOMING_FEATURE_MEMBER_IMPORT_VISIBILITY = YES;
				SWIFT_VERSION = 5.0;
				TARGETED_DEVICE_FAMILY = "1,2";
			};
			name = Debug;
		};
		56355D2D2F3083F00022A09F /* Release */ = {
			isa = XCBuildConfiguration;
			buildSettings = {
				CODE_SIGN_ENTITLEMENTS = iBoardKeyboard/iBoardKeyboard.entitlements;
				CODE_SIGN_STYLE = Automatic;
				CURRENT_PROJECT_VERSION = 1;
				DEVELOPMENT_TEAM = Y2E4W742Q6;
				GENERATE_INFOPLIST_FILE = YES;
				INFOPLIST_FILE = iBoardKeyboard/Info.plist;
				INFOPLIST_KEY_CFBundleDisplayName = iBoardKeyboard;
				INFOPLIST_KEY_NSHumanReadableCopyright = "";
				LD_RUNPATH_SEARCH_PATHS = (
					"$(inherited)",
					"@executable_path/Frameworks",
					"@executable_path/../../Frameworks",
				);
				MARKETING_VERSION = 1.0;
				PRODUCT_BUNDLE_IDENTIFIER = lotusww.com.iBoard.iBoardKeyboard;
				PRODUCT_NAME = "$(TARGET_NAME)";
				SKIP_INSTALL = YES;
				STRING_CATALOG_GENERATE_SYMBOLS = YES;
				SWIFT_APPROACHABLE_CONCURRENCY = YES;
				SWIFT_EMIT_LOC_STRINGS = YES;
				SWIFT_UPCOMING_FEATURE_MEMBER_IMPORT_VISIBILITY = YES;
				SWIFT_VERSION = 5.0;
				TARGETED_DEVICE_FAMILY = "1,2";
			};
			name = Release;
		};
/* End XCBuildConfiguration section */

/* Begin XCConfigurationList section */
		56355CD02F3082450022A09F /* Build configuration list for PBXProject "iBoard" */ = {
			isa = XCConfigurationList;
			buildConfigurations = (
				56355CEB2F3082460022A09F /* Debug */,
				56355CEC2F3082460022A09F /* Release */,
			);
			defaultConfigurationIsVisible = 0;
			defaultConfigurationName = Release;
		};
		56355CE82F3082460022A09F /* Build configuration list for PBXNativeTarget "iBoard" */ = {
			isa = XCConfigurationList;
			buildConfigurations = (
				56355CE92F3082460022A09F /* Debug */,
				56355CEA2F3082460022A09F /* Release */,
			);
			defaultConfigurationIsVisible = 0;
			defaultConfigurationName = Release;
		};
		56355D2B2F3083F00022A09F /* Build configuration list for PBXNativeTarget "iBoardKeyboard" */ = {
			isa = XCConfigurationList;
			buildConfigurations = (
				56355D2C2F3083F00022A09F /* Debug */,
				56355D2D2F3083F00022A09F /* Release */,
			);
			defaultConfigurationIsVisible = 0;
			defaultConfigurationName = Release;
		};
/* End XCConfigurationList section */
	};
	rootObject = 56355CCD2F3082450022A09F /* Project object */;
}
